<?xml version="1.0" encoding="utf-8"?>
<Project ToolsVersion="4.0" xmlns="http://schemas.microsoft.com/developer/msbuild/2003">
  <ItemGroup>
    <Filter Include="源文件">
      <UniqueIdentifier>{4FC737F1-C7A5-4376-A066-2A32D752A2FF}</UniqueIdentifier>
      <Extensions>cpp;c;cc;cxx;def;odl;idl;hpj;bat;asm;asmx</Extensions>
    </Filter>
    <Filter Include="头文件">
      <UniqueIdentifier>{93995380-89BD-4b04-88EB-625FBE52EBFB}</UniqueIdentifier>
      <Extensions>h;hh;hpp;hxx;hm;inl;inc;xsd</Extensions>
    </Filter>
    <Filter Include="资源文件">
      <UniqueIdentifier>{67DA6AB6-F800-4c08-8B7A-83BB121AAD01}</UniqueIdentifier>
      <Extensions>rc;ico;cur;bmp;dlg;rc2;rct;bin;rgs;gif;jpg;jpeg;jpe;resx;tiff;tif;png;wav;mfcribbon-ms</Extensions>
    </Filter>
  </ItemGroup>
  <ItemGroup>
    <Text Include="ReadMe.txt" />
  </ItemGroup>
  <ItemGroup>
    <ClInclude Include="037_MFC.h">
      <Filter>头文件</Filter>
    </ClInclude>
    <ClInclude Include="037_MFCDlg.h">
      <Filter>头文件</Filter>
    </ClInclude>
    <ClInclude Include="stdafx.h">
      <Filter>头文件</Filter>
    </ClInclude>
    <ClInclude Include="targetver.h">
      <Filter>头文件</Filter>
    </ClInclude>
    <ClInclude Include="Resource.h">
      <Filter>头文件</Filter>
    </ClInclude>
    <ClInclude Include="NumEdit.h">
      <Filter>头文件</Filter>
    </ClInclude>
    <ClInclude Include="MY_Dialog.h">
      <Filter>头文件</Filter>
    </ClInclude>
    <ClInclude Include="Dialog_ComboBox.h">
      <Filter>头文件</Filter>
    </ClInclude>
    <ClInclude Include="Dialog_ListBox.h">
      <Filter>头文件</Filter>
    </ClInclude>
    <ClInclude Include="Dialog_Slider.h">
      <Filter>头文件</Filter>
    </ClInclude>
    <ClInclude Include="Cdialog_Main_Tab.h">
      <Filter>头文件</Filter>
    </ClInclude>
    <ClInclude Include="Dialog_ListCtrl.h">
      <Filter>头文件</Filter>
    </ClInclude>
    <ClInclude Include="Dialog_Picture.h">
      <Filter>头文件</Filter>
    </ClInclude>
    <ClInclude Include="Dialog_TreeCtrl.h">
      <Filter>头文件</Filter>
    </ClInclude>
  </ItemGroup>
  <ItemGroup>
    <ClCompile Include="037_MFC.cpp">
      <Filter>源文件</Filter>
    </ClCompile>
    <ClCompile Include="037_MFCDlg.cpp">
      <Filter>源文件</Filter>
    </ClCompile>
    <ClCompile Include="stdafx.cpp">
      <Filter>源文件</Filter>
    </ClCompile>
    <ClCompile Include="NumEdit.cpp">
      <Filter>源文件</Filter>
    </ClCompile>
    <ClCompile Include="MY_Dialog.cpp">
      <Filter>源文件</Filter>
    </ClCompile>
    <ClCompile Include="Dialog_ComboBox.cpp">
      <Filter>源文件</Filter>
    </ClCompile>
    <ClCompile Include="Dialog_ListBox.cpp">
      <Filter>源文件</Filter>
    </ClCompile>
    <ClCompile Include="Dialog_Slider.cpp">
      <Filter>源文件</Filter>
    </ClCompile>
    <ClCompile Include="Cdialog_Main_Tab.cpp">
      <Filter>源文件</Filter>
    </ClCompile>
    <ClCompile Include="Dialog_ListCtrl.cpp">
      <Filter>源文件</Filter>
    </ClCompile>
    <ClCompile Include="Dialog_Picture.cpp">
      <Filter>源文件</Filter>
    </ClCompile>
    <ClCompile Include="Dialog_TreeCtrl.cpp">
      <Filter>源文件</Filter>
    </ClCompile>
  </ItemGroup>
  <ItemGroup>
    <ResourceCompile Include="037_MFC.rc">
      <Filter>资源文件</Filter>
    </ResourceCompile>
  </ItemGroup>
  <ItemGroup>
    <None Include="res\My037_MFC.rc2">
      <Filter>资源文件</Filter>
    </None>
    <None Include="ClassDiagram.cd" />
  </ItemGroup>
  <ItemGroup>
    <Image Include="res\037_MFC.ico">
      <Filter>资源文件</Filter>
    </Image>
    <Image Include="G:\Wg\郁金香VC++课程\001：郁金香2013网授_AVC++ 2008 详解 主讲(含C++，类，MFC，API等)（129集）\02郁金香2013网授VC++ 2008\080-CStatic类与Picture control控件\yjx2.bmp">
      <Filter>资源文件</Filter>
    </Image>
  </ItemGroup>
</Project>