
Microsoft Visual Studio Solution File, Format Version 12.00
# Visual Studio 2013
VisualStudioVersion = 12.0.21005.1
MinimumVisualStudioVersion = 10.0.40219.1
Project("{8BC9CEB8-8B4A-11D0-8D11-00A0C91BC942}") = "001_first", "C++\C++.vcxproj", "{4FB8B0F2-5E7D-4578-AEB0-B9F6B814693E}"
EndProject
Project("{8BC9CEB8-8B4A-11D0-8D11-00A0C91BC942}") = "002_dataType", "002_dataType\002_dataType.vcxproj", "{2C98A375-7C91-494B-BF4C-183AD94752E3}"
EndProject
Project("{8BC9CEB8-8B4A-11D0-8D11-00A0C91BC942}") = "003_variate", "003_variate\003_variate.vcxproj", "{09AB44DB-832C-47D7-87AF-EEDA17BA8A18}"
EndProject
Project("{8BC9CEB8-8B4A-11D0-8D11-00A0C91BC942}") = "004_constant", "004_constant\004_constant.vcxproj", "{4D6DECB2-F601-40E5-B0D1-89226CC0007D}"
EndProject
Project("{8BC9CEB8-8B4A-11D0-8D11-00A0C91BC942}") = "005_while", "005_while\005_while.vcxproj", "{EF24887C-4BCA-4EAB-A318-4D24B8AB2B8C}"
EndProject
Project("{8BC9CEB8-8B4A-11D0-8D11-00A0C91BC942}") = "006_for", "006_for\006_for.vcxproj", "{230A3B48-8D81-4D86-8BA4-1C4D4CEDF66D}"
EndProject
Project("{8BC9CEB8-8B4A-11D0-8D11-00A0C91BC942}") = "007_if", "007_if\007_if.vcxproj", "{DB46DBC0-A165-4872-A316-614068458A72}"
EndProject
Project("{8BC9CEB8-8B4A-11D0-8D11-00A0C91BC942}") = "008_bookProject", "008_bookProject\008_bookProject.vcxproj", "{E641B113-439C-42F7-BBD0-4525E65CFDAE}"
EndProject
Project("{8BC9CEB8-8B4A-11D0-8D11-00A0C91BC942}") = "009_storage", "009_storage\009_storage.vcxproj", "{C8EDC662-0641-461C-9A35-13E7F107B755}"
EndProject
Project("{8BC9CEB8-8B4A-11D0-8D11-00A0C91BC942}") = "010_operation", "010_operation\010_operation.vcxproj", "{4BC6B5C9-32F0-46E0-B633-0D10950DCB14}"
EndProject
Project("{8BC9CEB8-8B4A-11D0-8D11-00A0C91BC942}") = "011_function", "011_function\011_function.vcxproj", "{3440609D-1A16-4C08-920F-9BA83ABC63D3}"
EndProject
Project("{8BC9CEB8-8B4A-11D0-8D11-00A0C91BC942}") = "012_num", "012_num\012_num.vcxproj", "{DE0355B2-8AAF-494C-95D1-723E15893027}"
EndProject
Project("{8BC9CEB8-8B4A-11D0-8D11-00A0C91BC942}") = "013_array", "013_array\013_array.vcxproj", "{1B785AF1-E3F1-4743-AB22-84EE2C7881EC}"
EndProject
Project("{8BC9CEB8-8B4A-11D0-8D11-00A0C91BC942}") = "014_string", "014_string\014_string.vcxproj", "{C7EEA2D3-18BF-47EE-A286-F9E8DB4112D3}"
EndProject
Project("{8BC9CEB8-8B4A-11D0-8D11-00A0C91BC942}") = "015_pointer", "015_pointer\015_pointer.vcxproj", "{7FB8F4EE-F50F-411E-B7EE-3D131386BCC0}"
EndProject
Project("{8BC9CEB8-8B4A-11D0-8D11-00A0C91BC942}") = "016_cite", "016_cite\016_cite.vcxproj", "{719E44C3-DD4D-4B16-B2BD-3360FBB5629D}"
EndProject
Project("{8BC9CEB8-8B4A-11D0-8D11-00A0C91BC942}") = "017_dayAndTime", "017_dayAndTime\017_dayAndTime.vcxproj", "{5097A34D-3665-4430-B6EF-50D90367977C}"
EndProject
Project("{8BC9CEB8-8B4A-11D0-8D11-00A0C91BC942}") = "018_structuralBody", "018_structuralBody\018_structuralBody.vcxproj", "{8B1E31EC-FBEF-4077-82F3-630C41670B63}"
EndProject
Project("{8BC9CEB8-8B4A-11D0-8D11-00A0C91BC942}") = "019_class", "019_class\019_class.vcxproj", "{822B120A-452D-4B85-886F-9B0B848557BB}"
EndProject
Project("{8BC9CEB8-8B4A-11D0-8D11-00A0C91BC942}") = "020_structureAndDestruct", "020_structureAndDestruct\020_structureAndDestruct.vcxproj", "{38C61CA2-4DA0-4DFD-BA57-91E2E9E8BD49}"
EndProject
Project("{8BC9CEB8-8B4A-11D0-8D11-00A0C91BC942}") = "021_friendFunction", "021_friendFunction\021_friendFunction.vcxproj", "{C6981C30-3DEE-4433-B22F-D9EF0B26D09E}"
EndProject
Project("{8BC9CEB8-8B4A-11D0-8D11-00A0C91BC942}") = "022_inlineFunction", "022_inlineFunction\022_inlineFunction.vcxproj", "{DB93F225-833B-4C7E-94C1-17D1D4C937AC}"
EndProject
Project("{8BC9CEB8-8B4A-11D0-8D11-00A0C91BC942}") = "023_thisPointer", "023_thisPointer\023_thisPointer.vcxproj", "{137A567E-DE4F-4D39-9FAD-EE64B9DA3A1A}"
EndProject
Project("{8BC9CEB8-8B4A-11D0-8D11-00A0C91BC942}") = "024_pointersToClass", "024_pointersToClass\024_pointersToClass.vcxproj", "{D1474B4C-4DE4-485D-A8CE-A5CAC473B21B}"
EndProject
Project("{8BC9CEB8-8B4A-11D0-8D11-00A0C91BC942}") = "025_staticMember", "025_staticMember\025_staticMember.vcxproj", "{75A68662-E7E7-485E-95FA-5040EDD235DA}"
EndProject
Project("{8BC9CEB8-8B4A-11D0-8D11-00A0C91BC942}") = "026_inherit", "026_inherit\026_inherit.vcxproj", "{3F59C2A6-61E2-4DEB-90A6-42C5F1D232E7}"
EndProject
Project("{8BC9CEB8-8B4A-11D0-8D11-00A0C91BC942}") = "027_reloadOperatorAndFunction", "027_reloadOperatorAndFunction\027_reloadOperatorAndFunction.vcxproj", "{FBF5889F-FD57-46C1-9BA3-D5FDE4594DCE}"
EndProject
Project("{8BC9CEB8-8B4A-11D0-8D11-00A0C91BC942}") = "028_polymorphic", "028_polymorphic\028_polymorphic.vcxproj", "{BC5CD94F-F531-476C-BDA3-57042ECB1A26}"
EndProject
Project("{8BC9CEB8-8B4A-11D0-8D11-00A0C91BC942}") = "029_dataAbstraction", "029_dataAbstraction\029_dataAbstraction.vcxproj", "{AC792369-9B35-4473-A992-6B0DD272A944}"
EndProject
Project("{8BC9CEB8-8B4A-11D0-8D11-00A0C91BC942}") = "030_ReadAndWriteFile", "030_ReadAndWriteFile\030_ReadAndWriteFile.vcxproj", "{13D448C5-19D1-4954-95F8-82DD2FFCD94F}"
EndProject
Project("{8BC9CEB8-8B4A-11D0-8D11-00A0C91BC942}") = "031_dynamicMemory", "031_dynamicMemory\031_dynamicMemory.vcxproj", "{F4C7DC09-7DCE-4251-B714-B56E6F837868}"
EndProject
Project("{8BC9CEB8-8B4A-11D0-8D11-00A0C91BC942}") = "032_namespace", "032_namespace\032_namespace.vcxproj", "{D75BCC61-1F7B-4A8C-A8A0-E2BD5B28F6D9}"
EndProject
Project("{8BC9CEB8-8B4A-11D0-8D11-00A0C91BC942}") = "033_template", "033_template\033_template.vcxproj", "{F4DB08A9-F281-4300-BF57-5CE4688FE0CA}"
EndProject
Project("{8BC9CEB8-8B4A-11D0-8D11-00A0C91BC942}") = "034_preprocessor", "034_preprocessor\034_preprocessor.vcxproj", "{E4BD3E6C-9FE3-4C98-B406-125061776A9B}"
EndProject
Project("{8BC9CEB8-8B4A-11D0-8D11-00A0C91BC942}") = "035_signalProcessing", "035_ signalProcessing\035_ signalProcessing.vcxproj", "{A8AD02B8-FAB7-465F-BEF3-60C08AFB9586}"
EndProject
Project("{8BC9CEB8-8B4A-11D0-8D11-00A0C91BC942}") = "036_multithreading", "036_multithreading\036_multithreading.vcxproj", "{7F8F1CF4-BE87-47B1-B716-D91662456EE4}"
EndProject
Project("{8BC9CEB8-8B4A-11D0-8D11-00A0C91BC942}") = "037_MFC", "037_MFC\037_MFC.vcxproj", "{AD9E52A3-A3FA-4232-8A38-628BDC847203}"
EndProject
Project("{8BC9CEB8-8B4A-11D0-8D11-00A0C91BC942}") = "039_字符串转", "038_字符串转\038_字符串转.vcxproj", "{4B344734-1439-4F18-BFCB-965FEC7C13A4}"
EndProject
Project("{8BC9CEB8-8B4A-11D0-8D11-00A0C91BC942}") = "038_STL", "038_STL\038_STL.vcxproj", "{F1082FF3-EDD2-4E51-B2D9-CDE118031C04}"
EndProject
Project("{8BC9CEB8-8B4A-11D0-8D11-00A0C91BC942}") = "040_Socket_Server", "040_Socket_Server\040_Socket_Server.vcxproj", "{9D5F162B-129D-4CB0-8797-3341444DE28E}"
EndProject
Project("{8BC9CEB8-8B4A-11D0-8D11-00A0C91BC942}") = "041_Socket_Client", "041_Socket_Client\041_Socket_Client.vcxproj", "{0DC73D02-B58A-4761-9C4B-73871E9D3282}"
EndProject
Global
	GlobalSection(SolutionConfigurationPlatforms) = preSolution
		Debug|Win32 = Debug|Win32
		Release|Win32 = Release|Win32
	EndGlobalSection
	GlobalSection(ProjectConfigurationPlatforms) = postSolution
		{4FB8B0F2-5E7D-4578-AEB0-B9F6B814693E}.Debug|Win32.ActiveCfg = Debug|Win32
		{4FB8B0F2-5E7D-4578-AEB0-B9F6B814693E}.Debug|Win32.Build.0 = Debug|Win32
		{4FB8B0F2-5E7D-4578-AEB0-B9F6B814693E}.Release|Win32.ActiveCfg = Release|Win32
		{4FB8B0F2-5E7D-4578-AEB0-B9F6B814693E}.Release|Win32.Build.0 = Release|Win32
		{2C98A375-7C91-494B-BF4C-183AD94752E3}.Debug|Win32.ActiveCfg = Debug|Win32
		{2C98A375-7C91-494B-BF4C-183AD94752E3}.Debug|Win32.Build.0 = Debug|Win32
		{2C98A375-7C91-494B-BF4C-183AD94752E3}.Release|Win32.ActiveCfg = Release|Win32
		{2C98A375-7C91-494B-BF4C-183AD94752E3}.Release|Win32.Build.0 = Release|Win32
		{09AB44DB-832C-47D7-87AF-EEDA17BA8A18}.Debug|Win32.ActiveCfg = Debug|Win32
		{09AB44DB-832C-47D7-87AF-EEDA17BA8A18}.Debug|Win32.Build.0 = Debug|Win32
		{09AB44DB-832C-47D7-87AF-EEDA17BA8A18}.Release|Win32.ActiveCfg = Release|Win32
		{09AB44DB-832C-47D7-87AF-EEDA17BA8A18}.Release|Win32.Build.0 = Release|Win32
		{4D6DECB2-F601-40E5-B0D1-89226CC0007D}.Debug|Win32.ActiveCfg = Debug|Win32
		{4D6DECB2-F601-40E5-B0D1-89226CC0007D}.Debug|Win32.Build.0 = Debug|Win32
		{4D6DECB2-F601-40E5-B0D1-89226CC0007D}.Release|Win32.ActiveCfg = Release|Win32
		{4D6DECB2-F601-40E5-B0D1-89226CC0007D}.Release|Win32.Build.0 = Release|Win32
		{EF24887C-4BCA-4EAB-A318-4D24B8AB2B8C}.Debug|Win32.ActiveCfg = Debug|Win32
		{EF24887C-4BCA-4EAB-A318-4D24B8AB2B8C}.Debug|Win32.Build.0 = Debug|Win32
		{EF24887C-4BCA-4EAB-A318-4D24B8AB2B8C}.Release|Win32.ActiveCfg = Release|Win32
		{EF24887C-4BCA-4EAB-A318-4D24B8AB2B8C}.Release|Win32.Build.0 = Release|Win32
		{230A3B48-8D81-4D86-8BA4-1C4D4CEDF66D}.Debug|Win32.ActiveCfg = Debug|Win32
		{230A3B48-8D81-4D86-8BA4-1C4D4CEDF66D}.Debug|Win32.Build.0 = Debug|Win32
		{230A3B48-8D81-4D86-8BA4-1C4D4CEDF66D}.Release|Win32.ActiveCfg = Release|Win32
		{230A3B48-8D81-4D86-8BA4-1C4D4CEDF66D}.Release|Win32.Build.0 = Release|Win32
		{DB46DBC0-A165-4872-A316-614068458A72}.Debug|Win32.ActiveCfg = Debug|Win32
		{DB46DBC0-A165-4872-A316-614068458A72}.Debug|Win32.Build.0 = Debug|Win32
		{DB46DBC0-A165-4872-A316-614068458A72}.Release|Win32.ActiveCfg = Release|Win32
		{DB46DBC0-A165-4872-A316-614068458A72}.Release|Win32.Build.0 = Release|Win32
		{E641B113-439C-42F7-BBD0-4525E65CFDAE}.Debug|Win32.ActiveCfg = Debug|Win32
		{E641B113-439C-42F7-BBD0-4525E65CFDAE}.Debug|Win32.Build.0 = Debug|Win32
		{E641B113-439C-42F7-BBD0-4525E65CFDAE}.Release|Win32.ActiveCfg = Release|Win32
		{E641B113-439C-42F7-BBD0-4525E65CFDAE}.Release|Win32.Build.0 = Release|Win32
		{C8EDC662-0641-461C-9A35-13E7F107B755}.Debug|Win32.ActiveCfg = Debug|Win32
		{C8EDC662-0641-461C-9A35-13E7F107B755}.Debug|Win32.Build.0 = Debug|Win32
		{C8EDC662-0641-461C-9A35-13E7F107B755}.Release|Win32.ActiveCfg = Release|Win32
		{C8EDC662-0641-461C-9A35-13E7F107B755}.Release|Win32.Build.0 = Release|Win32
		{4BC6B5C9-32F0-46E0-B633-0D10950DCB14}.Debug|Win32.ActiveCfg = Debug|Win32
		{4BC6B5C9-32F0-46E0-B633-0D10950DCB14}.Debug|Win32.Build.0 = Debug|Win32
		{4BC6B5C9-32F0-46E0-B633-0D10950DCB14}.Release|Win32.ActiveCfg = Release|Win32
		{4BC6B5C9-32F0-46E0-B633-0D10950DCB14}.Release|Win32.Build.0 = Release|Win32
		{3440609D-1A16-4C08-920F-9BA83ABC63D3}.Debug|Win32.ActiveCfg = Debug|Win32
		{3440609D-1A16-4C08-920F-9BA83ABC63D3}.Debug|Win32.Build.0 = Debug|Win32
		{3440609D-1A16-4C08-920F-9BA83ABC63D3}.Release|Win32.ActiveCfg = Release|Win32
		{3440609D-1A16-4C08-920F-9BA83ABC63D3}.Release|Win32.Build.0 = Release|Win32
		{DE0355B2-8AAF-494C-95D1-723E15893027}.Debug|Win32.ActiveCfg = Debug|Win32
		{DE0355B2-8AAF-494C-95D1-723E15893027}.Debug|Win32.Build.0 = Debug|Win32
		{DE0355B2-8AAF-494C-95D1-723E15893027}.Release|Win32.ActiveCfg = Release|Win32
		{DE0355B2-8AAF-494C-95D1-723E15893027}.Release|Win32.Build.0 = Release|Win32
		{1B785AF1-E3F1-4743-AB22-84EE2C7881EC}.Debug|Win32.ActiveCfg = Debug|Win32
		{1B785AF1-E3F1-4743-AB22-84EE2C7881EC}.Debug|Win32.Build.0 = Debug|Win32
		{1B785AF1-E3F1-4743-AB22-84EE2C7881EC}.Release|Win32.ActiveCfg = Release|Win32
		{1B785AF1-E3F1-4743-AB22-84EE2C7881EC}.Release|Win32.Build.0 = Release|Win32
		{C7EEA2D3-18BF-47EE-A286-F9E8DB4112D3}.Debug|Win32.ActiveCfg = Debug|Win32
		{C7EEA2D3-18BF-47EE-A286-F9E8DB4112D3}.Debug|Win32.Build.0 = Debug|Win32
		{C7EEA2D3-18BF-47EE-A286-F9E8DB4112D3}.Release|Win32.ActiveCfg = Release|Win32
		{C7EEA2D3-18BF-47EE-A286-F9E8DB4112D3}.Release|Win32.Build.0 = Release|Win32
		{7FB8F4EE-F50F-411E-B7EE-3D131386BCC0}.Debug|Win32.ActiveCfg = Debug|Win32
		{7FB8F4EE-F50F-411E-B7EE-3D131386BCC0}.Debug|Win32.Build.0 = Debug|Win32
		{7FB8F4EE-F50F-411E-B7EE-3D131386BCC0}.Release|Win32.ActiveCfg = Release|Win32
		{7FB8F4EE-F50F-411E-B7EE-3D131386BCC0}.Release|Win32.Build.0 = Release|Win32
		{719E44C3-DD4D-4B16-B2BD-3360FBB5629D}.Debug|Win32.ActiveCfg = Debug|Win32
		{719E44C3-DD4D-4B16-B2BD-3360FBB5629D}.Debug|Win32.Build.0 = Debug|Win32
		{719E44C3-DD4D-4B16-B2BD-3360FBB5629D}.Release|Win32.ActiveCfg = Release|Win32
		{719E44C3-DD4D-4B16-B2BD-3360FBB5629D}.Release|Win32.Build.0 = Release|Win32
		{5097A34D-3665-4430-B6EF-50D90367977C}.Debug|Win32.ActiveCfg = Debug|Win32
		{5097A34D-3665-4430-B6EF-50D90367977C}.Debug|Win32.Build.0 = Debug|Win32
		{5097A34D-3665-4430-B6EF-50D90367977C}.Release|Win32.ActiveCfg = Release|Win32
		{5097A34D-3665-4430-B6EF-50D90367977C}.Release|Win32.Build.0 = Release|Win32
		{8B1E31EC-FBEF-4077-82F3-630C41670B63}.Debug|Win32.ActiveCfg = Debug|Win32
		{8B1E31EC-FBEF-4077-82F3-630C41670B63}.Debug|Win32.Build.0 = Debug|Win32
		{8B1E31EC-FBEF-4077-82F3-630C41670B63}.Release|Win32.ActiveCfg = Release|Win32
		{8B1E31EC-FBEF-4077-82F3-630C41670B63}.Release|Win32.Build.0 = Release|Win32
		{822B120A-452D-4B85-886F-9B0B848557BB}.Debug|Win32.ActiveCfg = Debug|Win32
		{822B120A-452D-4B85-886F-9B0B848557BB}.Debug|Win32.Build.0 = Debug|Win32
		{822B120A-452D-4B85-886F-9B0B848557BB}.Release|Win32.ActiveCfg = Release|Win32
		{822B120A-452D-4B85-886F-9B0B848557BB}.Release|Win32.Build.0 = Release|Win32
		{38C61CA2-4DA0-4DFD-BA57-91E2E9E8BD49}.Debug|Win32.ActiveCfg = Debug|Win32
		{38C61CA2-4DA0-4DFD-BA57-91E2E9E8BD49}.Debug|Win32.Build.0 = Debug|Win32
		{38C61CA2-4DA0-4DFD-BA57-91E2E9E8BD49}.Release|Win32.ActiveCfg = Release|Win32
		{38C61CA2-4DA0-4DFD-BA57-91E2E9E8BD49}.Release|Win32.Build.0 = Release|Win32
		{C6981C30-3DEE-4433-B22F-D9EF0B26D09E}.Debug|Win32.ActiveCfg = Debug|Win32
		{C6981C30-3DEE-4433-B22F-D9EF0B26D09E}.Debug|Win32.Build.0 = Debug|Win32
		{C6981C30-3DEE-4433-B22F-D9EF0B26D09E}.Release|Win32.ActiveCfg = Release|Win32
		{C6981C30-3DEE-4433-B22F-D9EF0B26D09E}.Release|Win32.Build.0 = Release|Win32
		{DB93F225-833B-4C7E-94C1-17D1D4C937AC}.Debug|Win32.ActiveCfg = Debug|Win32
		{DB93F225-833B-4C7E-94C1-17D1D4C937AC}.Debug|Win32.Build.0 = Debug|Win32
		{DB93F225-833B-4C7E-94C1-17D1D4C937AC}.Release|Win32.ActiveCfg = Release|Win32
		{DB93F225-833B-4C7E-94C1-17D1D4C937AC}.Release|Win32.Build.0 = Release|Win32
		{137A567E-DE4F-4D39-9FAD-EE64B9DA3A1A}.Debug|Win32.ActiveCfg = Debug|Win32
		{137A567E-DE4F-4D39-9FAD-EE64B9DA3A1A}.Debug|Win32.Build.0 = Debug|Win32
		{137A567E-DE4F-4D39-9FAD-EE64B9DA3A1A}.Release|Win32.ActiveCfg = Release|Win32
		{137A567E-DE4F-4D39-9FAD-EE64B9DA3A1A}.Release|Win32.Build.0 = Release|Win32
		{D1474B4C-4DE4-485D-A8CE-A5CAC473B21B}.Debug|Win32.ActiveCfg = Debug|Win32
		{D1474B4C-4DE4-485D-A8CE-A5CAC473B21B}.Debug|Win32.Build.0 = Debug|Win32
		{D1474B4C-4DE4-485D-A8CE-A5CAC473B21B}.Release|Win32.ActiveCfg = Release|Win32
		{D1474B4C-4DE4-485D-A8CE-A5CAC473B21B}.Release|Win32.Build.0 = Release|Win32
		{75A68662-E7E7-485E-95FA-5040EDD235DA}.Debug|Win32.ActiveCfg = Debug|Win32
		{75A68662-E7E7-485E-95FA-5040EDD235DA}.Debug|Win32.Build.0 = Debug|Win32
		{75A68662-E7E7-485E-95FA-5040EDD235DA}.Release|Win32.ActiveCfg = Release|Win32
		{75A68662-E7E7-485E-95FA-5040EDD235DA}.Release|Win32.Build.0 = Release|Win32
		{3F59C2A6-61E2-4DEB-90A6-42C5F1D232E7}.Debug|Win32.ActiveCfg = Debug|Win32
		{3F59C2A6-61E2-4DEB-90A6-42C5F1D232E7}.Debug|Win32.Build.0 = Debug|Win32
		{3F59C2A6-61E2-4DEB-90A6-42C5F1D232E7}.Release|Win32.ActiveCfg = Release|Win32
		{3F59C2A6-61E2-4DEB-90A6-42C5F1D232E7}.Release|Win32.Build.0 = Release|Win32
		{FBF5889F-FD57-46C1-9BA3-D5FDE4594DCE}.Debug|Win32.ActiveCfg = Debug|Win32
		{FBF5889F-FD57-46C1-9BA3-D5FDE4594DCE}.Debug|Win32.Build.0 = Debug|Win32
		{FBF5889F-FD57-46C1-9BA3-D5FDE4594DCE}.Release|Win32.ActiveCfg = Release|Win32
		{FBF5889F-FD57-46C1-9BA3-D5FDE4594DCE}.Release|Win32.Build.0 = Release|Win32
		{BC5CD94F-F531-476C-BDA3-57042ECB1A26}.Debug|Win32.ActiveCfg = Debug|Win32
		{BC5CD94F-F531-476C-BDA3-57042ECB1A26}.Debug|Win32.Build.0 = Debug|Win32
		{BC5CD94F-F531-476C-BDA3-57042ECB1A26}.Release|Win32.ActiveCfg = Release|Win32
		{BC5CD94F-F531-476C-BDA3-57042ECB1A26}.Release|Win32.Build.0 = Release|Win32
		{AC792369-9B35-4473-A992-6B0DD272A944}.Debug|Win32.ActiveCfg = Debug|Win32
		{AC792369-9B35-4473-A992-6B0DD272A944}.Debug|Win32.Build.0 = Debug|Win32
		{AC792369-9B35-4473-A992-6B0DD272A944}.Release|Win32.ActiveCfg = Release|Win32
		{AC792369-9B35-4473-A992-6B0DD272A944}.Release|Win32.Build.0 = Release|Win32
		{13D448C5-19D1-4954-95F8-82DD2FFCD94F}.Debug|Win32.ActiveCfg = Debug|Win32
		{13D448C5-19D1-4954-95F8-82DD2FFCD94F}.Debug|Win32.Build.0 = Debug|Win32
		{13D448C5-19D1-4954-95F8-82DD2FFCD94F}.Release|Win32.ActiveCfg = Release|Win32
		{13D448C5-19D1-4954-95F8-82DD2FFCD94F}.Release|Win32.Build.0 = Release|Win32
		{F4C7DC09-7DCE-4251-B714-B56E6F837868}.Debug|Win32.ActiveCfg = Debug|Win32
		{F4C7DC09-7DCE-4251-B714-B56E6F837868}.Debug|Win32.Build.0 = Debug|Win32
		{F4C7DC09-7DCE-4251-B714-B56E6F837868}.Release|Win32.ActiveCfg = Release|Win32
		{F4C7DC09-7DCE-4251-B714-B56E6F837868}.Release|Win32.Build.0 = Release|Win32
		{D75BCC61-1F7B-4A8C-A8A0-E2BD5B28F6D9}.Debug|Win32.ActiveCfg = Debug|Win32
		{D75BCC61-1F7B-4A8C-A8A0-E2BD5B28F6D9}.Debug|Win32.Build.0 = Debug|Win32
		{D75BCC61-1F7B-4A8C-A8A0-E2BD5B28F6D9}.Release|Win32.ActiveCfg = Release|Win32
		{D75BCC61-1F7B-4A8C-A8A0-E2BD5B28F6D9}.Release|Win32.Build.0 = Release|Win32
		{F4DB08A9-F281-4300-BF57-5CE4688FE0CA}.Debug|Win32.ActiveCfg = Debug|Win32
		{F4DB08A9-F281-4300-BF57-5CE4688FE0CA}.Debug|Win32.Build.0 = Debug|Win32
		{F4DB08A9-F281-4300-BF57-5CE4688FE0CA}.Release|Win32.ActiveCfg = Release|Win32
		{F4DB08A9-F281-4300-BF57-5CE4688FE0CA}.Release|Win32.Build.0 = Release|Win32
		{E4BD3E6C-9FE3-4C98-B406-125061776A9B}.Debug|Win32.ActiveCfg = Debug|Win32
		{E4BD3E6C-9FE3-4C98-B406-125061776A9B}.Debug|Win32.Build.0 = Debug|Win32
		{E4BD3E6C-9FE3-4C98-B406-125061776A9B}.Release|Win32.ActiveCfg = Release|Win32
		{E4BD3E6C-9FE3-4C98-B406-125061776A9B}.Release|Win32.Build.0 = Release|Win32
		{A8AD02B8-FAB7-465F-BEF3-60C08AFB9586}.Debug|Win32.ActiveCfg = Debug|Win32
		{A8AD02B8-FAB7-465F-BEF3-60C08AFB9586}.Debug|Win32.Build.0 = Debug|Win32
		{A8AD02B8-FAB7-465F-BEF3-60C08AFB9586}.Release|Win32.ActiveCfg = Release|Win32
		{A8AD02B8-FAB7-465F-BEF3-60C08AFB9586}.Release|Win32.Build.0 = Release|Win32
		{7F8F1CF4-BE87-47B1-B716-D91662456EE4}.Debug|Win32.ActiveCfg = Debug|Win32
		{7F8F1CF4-BE87-47B1-B716-D91662456EE4}.Debug|Win32.Build.0 = Debug|Win32
		{7F8F1CF4-BE87-47B1-B716-D91662456EE4}.Release|Win32.ActiveCfg = Release|Win32
		{7F8F1CF4-BE87-47B1-B716-D91662456EE4}.Release|Win32.Build.0 = Release|Win32
		{AD9E52A3-A3FA-4232-8A38-628BDC847203}.Debug|Win32.ActiveCfg = Debug|Win32
		{AD9E52A3-A3FA-4232-8A38-628BDC847203}.Debug|Win32.Build.0 = Debug|Win32
		{AD9E52A3-A3FA-4232-8A38-628BDC847203}.Release|Win32.ActiveCfg = Release|Win32
		{AD9E52A3-A3FA-4232-8A38-628BDC847203}.Release|Win32.Build.0 = Release|Win32
		{4B344734-1439-4F18-BFCB-965FEC7C13A4}.Debug|Win32.ActiveCfg = Debug|Win32
		{4B344734-1439-4F18-BFCB-965FEC7C13A4}.Debug|Win32.Build.0 = Debug|Win32
		{4B344734-1439-4F18-BFCB-965FEC7C13A4}.Release|Win32.ActiveCfg = Release|Win32
		{4B344734-1439-4F18-BFCB-965FEC7C13A4}.Release|Win32.Build.0 = Release|Win32
		{F1082FF3-EDD2-4E51-B2D9-CDE118031C04}.Debug|Win32.ActiveCfg = Debug|Win32
		{F1082FF3-EDD2-4E51-B2D9-CDE118031C04}.Debug|Win32.Build.0 = Debug|Win32
		{F1082FF3-EDD2-4E51-B2D9-CDE118031C04}.Release|Win32.ActiveCfg = Release|Win32
		{F1082FF3-EDD2-4E51-B2D9-CDE118031C04}.Release|Win32.Build.0 = Release|Win32
		{9D5F162B-129D-4CB0-8797-3341444DE28E}.Debug|Win32.ActiveCfg = Debug|Win32
		{9D5F162B-129D-4CB0-8797-3341444DE28E}.Debug|Win32.Build.0 = Debug|Win32
		{9D5F162B-129D-4CB0-8797-3341444DE28E}.Release|Win32.ActiveCfg = Release|Win32
		{9D5F162B-129D-4CB0-8797-3341444DE28E}.Release|Win32.Build.0 = Release|Win32
		{0DC73D02-B58A-4761-9C4B-73871E9D3282}.Debug|Win32.ActiveCfg = Debug|Win32
		{0DC73D02-B58A-4761-9C4B-73871E9D3282}.Debug|Win32.Build.0 = Debug|Win32
		{0DC73D02-B58A-4761-9C4B-73871E9D3282}.Release|Win32.ActiveCfg = Release|Win32
		{0DC73D02-B58A-4761-9C4B-73871E9D3282}.Release|Win32.Build.0 = Release|Win32
	EndGlobalSection
	GlobalSection(SolutionProperties) = preSolution
		HideSolutionNode = FALSE
	EndGlobalSection
EndGlobal
