
Microsoft Visual Studio Solution File, Format Version 12.00
# Visual Studio 2013
VisualStudioVersion = 12.0.30501.0
MinimumVisualStudioVersion = 10.0.40219.1
Project("{8BC9CEB8-8B4A-11D0-8D11-00A0C91BC942}") = "001_first", "C++\C++.vcxproj", "{4FB8B0F2-5E7D-4578-AEB0-B9F6B814693E}"
EndProject
Project("{8BC9CEB8-8B4A-11D0-8D11-00A0C91BC942}") = "002_dataType", "002_dataType\002_dataType.vcxproj", "{2C98A375-7C91-494B-BF4C-183AD94752E3}"
EndProject
Project("{8BC9CEB8-8B4A-11D0-8D11-00A0C91BC942}") = "003_variate", "003_variate\003_variate.vcxproj", "{09AB44DB-832C-47D7-87AF-EEDA17BA8A18}"
EndProject
Project("{8BC9CEB8-8B4A-11D0-8D11-00A0C91BC942}") = "004_constant", "004_constant\004_constant.vcxproj", "{4D6DECB2-F601-40E5-B0D1-89226CC0007D}"
EndProject
Project("{8BC9CEB8-8B4A-11D0-8D11-00A0C91BC942}") = "005_while", "005_while\005_while.vcxproj", "{EF24887C-4BCA-4EAB-A318-4D24B8AB2B8C}"
EndProject
Project("{8BC9CEB8-8B4A-11D0-8D11-00A0C91BC942}") = "006_for", "006_for\006_for.vcxproj", "{230A3B48-8D81-4D86-8BA4-1C4D4CEDF66D}"
EndProject
Project("{8BC9CEB8-8B4A-11D0-8D11-00A0C91BC942}") = "007_if", "007_if\007_if.vcxproj", "{DB46DBC0-A165-4872-A316-614068458A72}"
EndProject
Project("{8BC9CEB8-8B4A-11D0-8D11-00A0C91BC942}") = "008_bookProject", "008_bookProject\008_bookProject.vcxproj", "{E641B113-439C-42F7-BBD0-4525E65CFDAE}"
EndProject
Project("{8BC9CEB8-8B4A-11D0-8D11-00A0C91BC942}") = "009_storage", "009_storage\009_storage.vcxproj", "{C8EDC662-0641-461C-9A35-13E7F107B755}"
EndProject
Project("{8BC9CEB8-8B4A-11D0-8D11-00A0C91BC942}") = "010_operation", "010_operation\010_operation.vcxproj", "{4BC6B5C9-32F0-46E0-B633-0D10950DCB14}"
EndProject
Project("{8BC9CEB8-8B4A-11D0-8D11-00A0C91BC942}") = "011_function", "011_function\011_function.vcxproj", "{3440609D-1A16-4C08-920F-9BA83ABC63D3}"
EndProject
Project("{8BC9CEB8-8B4A-11D0-8D11-00A0C91BC942}") = "012_num", "012_num\012_num.vcxproj", "{DE0355B2-8AAF-494C-95D1-723E15893027}"
EndProject
Project("{8BC9CEB8-8B4A-11D0-8D11-00A0C91BC942}") = "013_array", "013_array\013_array.vcxproj", "{1B785AF1-E3F1-4743-AB22-84EE2C7881EC}"
EndProject
Project("{8BC9CEB8-8B4A-11D0-8D11-00A0C91BC942}") = "014_string", "014_string\014_string.vcxproj", "{C7EEA2D3-18BF-47EE-A286-F9E8DB4112D3}"
EndProject
Project("{8BC9CEB8-8B4A-11D0-8D11-00A0C91BC942}") = "015_pointer", "015_pointer\015_pointer.vcxproj", "{7FB8F4EE-F50F-411E-B7EE-3D131386BCC0}"
EndProject
Project("{8BC9CEB8-8B4A-11D0-8D11-00A0C91BC942}") = "016_cite", "016_cite\016_cite.vcxproj", "{719E44C3-DD4D-4B16-B2BD-3360FBB5629D}"
EndProject
Global
	GlobalSection(SolutionConfigurationPlatforms) = preSolution
		Debug|Win32 = Debug|Win32
		Release|Win32 = Release|Win32
	EndGlobalSection
	GlobalSection(ProjectConfigurationPlatforms) = postSolution
		{4FB8B0F2-5E7D-4578-AEB0-B9F6B814693E}.Debug|Win32.ActiveCfg = Debug|Win32
		{4FB8B0F2-5E7D-4578-AEB0-B9F6B814693E}.Debug|Win32.Build.0 = Debug|Win32
		{4FB8B0F2-5E7D-4578-AEB0-B9F6B814693E}.Release|Win32.ActiveCfg = Release|Win32
		{4FB8B0F2-5E7D-4578-AEB0-B9F6B814693E}.Release|Win32.Build.0 = Release|Win32
		{2C98A375-7C91-494B-BF4C-183AD94752E3}.Debug|Win32.ActiveCfg = Debug|Win32
		{2C98A375-7C91-494B-BF4C-183AD94752E3}.Debug|Win32.Build.0 = Debug|Win32
		{2C98A375-7C91-494B-BF4C-183AD94752E3}.Release|Win32.ActiveCfg = Release|Win32
		{2C98A375-7C91-494B-BF4C-183AD94752E3}.Release|Win32.Build.0 = Release|Win32
		{09AB44DB-832C-47D7-87AF-EEDA17BA8A18}.Debug|Win32.ActiveCfg = Debug|Win32
		{09AB44DB-832C-47D7-87AF-EEDA17BA8A18}.Debug|Win32.Build.0 = Debug|Win32
		{09AB44DB-832C-47D7-87AF-EEDA17BA8A18}.Release|Win32.ActiveCfg = Release|Win32
		{09AB44DB-832C-47D7-87AF-EEDA17BA8A18}.Release|Win32.Build.0 = Release|Win32
		{4D6DECB2-F601-40E5-B0D1-89226CC0007D}.Debug|Win32.ActiveCfg = Debug|Win32
		{4D6DECB2-F601-40E5-B0D1-89226CC0007D}.Debug|Win32.Build.0 = Debug|Win32
		{4D6DECB2-F601-40E5-B0D1-89226CC0007D}.Release|Win32.ActiveCfg = Release|Win32
		{4D6DECB2-F601-40E5-B0D1-89226CC0007D}.Release|Win32.Build.0 = Release|Win32
		{EF24887C-4BCA-4EAB-A318-4D24B8AB2B8C}.Debug|Win32.ActiveCfg = Debug|Win32
		{EF24887C-4BCA-4EAB-A318-4D24B8AB2B8C}.Debug|Win32.Build.0 = Debug|Win32
		{EF24887C-4BCA-4EAB-A318-4D24B8AB2B8C}.Release|Win32.ActiveCfg = Release|Win32
		{EF24887C-4BCA-4EAB-A318-4D24B8AB2B8C}.Release|Win32.Build.0 = Release|Win32
		{230A3B48-8D81-4D86-8BA4-1C4D4CEDF66D}.Debug|Win32.ActiveCfg = Debug|Win32
		{230A3B48-8D81-4D86-8BA4-1C4D4CEDF66D}.Debug|Win32.Build.0 = Debug|Win32
		{230A3B48-8D81-4D86-8BA4-1C4D4CEDF66D}.Release|Win32.ActiveCfg = Release|Win32
		{230A3B48-8D81-4D86-8BA4-1C4D4CEDF66D}.Release|Win32.Build.0 = Release|Win32
		{DB46DBC0-A165-4872-A316-614068458A72}.Debug|Win32.ActiveCfg = Debug|Win32
		{DB46DBC0-A165-4872-A316-614068458A72}.Debug|Win32.Build.0 = Debug|Win32
		{DB46DBC0-A165-4872-A316-614068458A72}.Release|Win32.ActiveCfg = Release|Win32
		{DB46DBC0-A165-4872-A316-614068458A72}.Release|Win32.Build.0 = Release|Win32
		{E641B113-439C-42F7-BBD0-4525E65CFDAE}.Debug|Win32.ActiveCfg = Debug|Win32
		{E641B113-439C-42F7-BBD0-4525E65CFDAE}.Debug|Win32.Build.0 = Debug|Win32
		{E641B113-439C-42F7-BBD0-4525E65CFDAE}.Release|Win32.ActiveCfg = Release|Win32
		{E641B113-439C-42F7-BBD0-4525E65CFDAE}.Release|Win32.Build.0 = Release|Win32
		{C8EDC662-0641-461C-9A35-13E7F107B755}.Debug|Win32.ActiveCfg = Debug|Win32
		{C8EDC662-0641-461C-9A35-13E7F107B755}.Debug|Win32.Build.0 = Debug|Win32
		{C8EDC662-0641-461C-9A35-13E7F107B755}.Release|Win32.ActiveCfg = Release|Win32
		{C8EDC662-0641-461C-9A35-13E7F107B755}.Release|Win32.Build.0 = Release|Win32
		{4BC6B5C9-32F0-46E0-B633-0D10950DCB14}.Debug|Win32.ActiveCfg = Debug|Win32
		{4BC6B5C9-32F0-46E0-B633-0D10950DCB14}.Debug|Win32.Build.0 = Debug|Win32
		{4BC6B5C9-32F0-46E0-B633-0D10950DCB14}.Release|Win32.ActiveCfg = Release|Win32
		{4BC6B5C9-32F0-46E0-B633-0D10950DCB14}.Release|Win32.Build.0 = Release|Win32
		{3440609D-1A16-4C08-920F-9BA83ABC63D3}.Debug|Win32.ActiveCfg = Debug|Win32
		{3440609D-1A16-4C08-920F-9BA83ABC63D3}.Debug|Win32.Build.0 = Debug|Win32
		{3440609D-1A16-4C08-920F-9BA83ABC63D3}.Release|Win32.ActiveCfg = Release|Win32
		{3440609D-1A16-4C08-920F-9BA83ABC63D3}.Release|Win32.Build.0 = Release|Win32
		{DE0355B2-8AAF-494C-95D1-723E15893027}.Debug|Win32.ActiveCfg = Debug|Win32
		{DE0355B2-8AAF-494C-95D1-723E15893027}.Debug|Win32.Build.0 = Debug|Win32
		{DE0355B2-8AAF-494C-95D1-723E15893027}.Release|Win32.ActiveCfg = Release|Win32
		{DE0355B2-8AAF-494C-95D1-723E15893027}.Release|Win32.Build.0 = Release|Win32
		{1B785AF1-E3F1-4743-AB22-84EE2C7881EC}.Debug|Win32.ActiveCfg = Debug|Win32
		{1B785AF1-E3F1-4743-AB22-84EE2C7881EC}.Debug|Win32.Build.0 = Debug|Win32
		{1B785AF1-E3F1-4743-AB22-84EE2C7881EC}.Release|Win32.ActiveCfg = Release|Win32
		{1B785AF1-E3F1-4743-AB22-84EE2C7881EC}.Release|Win32.Build.0 = Release|Win32
		{C7EEA2D3-18BF-47EE-A286-F9E8DB4112D3}.Debug|Win32.ActiveCfg = Debug|Win32
		{C7EEA2D3-18BF-47EE-A286-F9E8DB4112D3}.Debug|Win32.Build.0 = Debug|Win32
		{C7EEA2D3-18BF-47EE-A286-F9E8DB4112D3}.Release|Win32.ActiveCfg = Release|Win32
		{C7EEA2D3-18BF-47EE-A286-F9E8DB4112D3}.Release|Win32.Build.0 = Release|Win32
		{7FB8F4EE-F50F-411E-B7EE-3D131386BCC0}.Debug|Win32.ActiveCfg = Debug|Win32
		{7FB8F4EE-F50F-411E-B7EE-3D131386BCC0}.Debug|Win32.Build.0 = Debug|Win32
		{7FB8F4EE-F50F-411E-B7EE-3D131386BCC0}.Release|Win32.ActiveCfg = Release|Win32
		{7FB8F4EE-F50F-411E-B7EE-3D131386BCC0}.Release|Win32.Build.0 = Release|Win32
		{719E44C3-DD4D-4B16-B2BD-3360FBB5629D}.Debug|Win32.ActiveCfg = Debug|Win32
		{719E44C3-DD4D-4B16-B2BD-3360FBB5629D}.Debug|Win32.Build.0 = Debug|Win32
		{719E44C3-DD4D-4B16-B2BD-3360FBB5629D}.Release|Win32.ActiveCfg = Release|Win32
		{719E44C3-DD4D-4B16-B2BD-3360FBB5629D}.Release|Win32.Build.0 = Release|Win32
	EndGlobalSection
	GlobalSection(SolutionProperties) = preSolution
		HideSolutionNode = FALSE
	EndGlobalSection
EndGlobal
